
Microsoft Visual Studio Solution File, Format Version 12.00
# Visual Studio Version 16
VisualStudioVersion = 16.0.30907.101
MinimumVisualStudioVersion = 10.0.40219.1
Project("{FAE04EC0-301F-11D3-BF4B-00C04F79EFBC}") = "WpfApp1", "WpfApp1\WpfApp1.csproj", "{256257EF-9CA6-4675-A4ED-1A0A2A4FD51C}"
EndProject
Global
	GlobalSection(SolutionConfigurationPlatforms) = preSolution
		Debug|Any CPU = Debug|Any CPU
		Release|Any CPU = Release|Any CPU
	EndGlobalSection
	GlobalSection(ProjectConfigurationPlatforms) = postSolution
		{256257EF-9CA6-4675-A4ED-1A0A2A4FD51C}.Debug|Any CPU.ActiveCfg = Debug|Any CPU
		{256257EF-9CA6-4675-A4ED-1A0A2A4FD51C}.Debug|Any CPU.Build.0 = Debug|Any CPU
		{256257EF-9CA6-4675-A4ED-1A0A2A4FD51C}.Release|Any CPU.ActiveCfg = Release|Any CPU
		{256257EF-9CA6-4675-A4ED-1A0A2A4FD51C}.Release|Any CPU.Build.0 = Release|Any CPU
	EndGlobalSection
	GlobalSection(SolutionProperties) = preSolution
		HideSolutionNode = FALSE
	EndGlobalSection
	GlobalSection(ExtensibilityGlobals) = postSolution
		SolutionGuid = {4A87E30D-094B-4EE3-89E4-3C2529C84307}
	EndGlobalSection
EndGlobal
